
Microsoft Visual Studio Solution File, Format Version 12.00
# Visual Studio Version 17
VisualStudioVersion = 17.4.33213.308
MinimumVisualStudioVersion = 10.0.40219.1
Project("{FAE04EC0-301F-11D3-BF4B-00C04F79EFBC}") = "MappingObject", "MappingObject.csproj", "{4C2B711B-4F51-4EE2-AF5F-34F931017EB7}"
EndProject
Project("{FAE04EC0-301F-11D3-BF4B-00C04F79EFBC}") = "MappingObject Tests", "..\MappingObject Tests\MappingObject Tests.csproj", "{4725E411-4403-4E5F-86ED-D425E7F4EBDA}"
EndProject
Global
	GlobalSection(SolutionConfigurationPlatforms) = preSolution
		Debug|Any CPU = Debug|Any CPU
		Release|Any CPU = Release|Any CPU
	EndGlobalSection
	GlobalSection(ProjectConfigurationPlatforms) = postSolution
		{4C2B711B-4F51-4EE2-AF5F-34F931017EB7}.Debug|Any CPU.ActiveCfg = Debug|Any CPU
		{4C2B711B-4F51-4EE2-AF5F-34F931017EB7}.Debug|Any CPU.Build.0 = Debug|Any CPU
		{4C2B711B-4F51-4EE2-AF5F-34F931017EB7}.Release|Any CPU.ActiveCfg = Release|Any CPU
		{4C2B711B-4F51-4EE2-AF5F-34F931017EB7}.Release|Any CPU.Build.0 = Release|Any CPU
		{4725E411-4403-4E5F-86ED-D425E7F4EBDA}.Debug|Any CPU.ActiveCfg = Debug|Any CPU
		{4725E411-4403-4E5F-86ED-D425E7F4EBDA}.Debug|Any CPU.Build.0 = Debug|Any CPU
		{4725E411-4403-4E5F-86ED-D425E7F4EBDA}.Release|Any CPU.ActiveCfg = Release|Any CPU
		{4725E411-4403-4E5F-86ED-D425E7F4EBDA}.Release|Any CPU.Build.0 = Release|Any CPU
	EndGlobalSection
	GlobalSection(SolutionProperties) = preSolution
		HideSolutionNode = FALSE
	EndGlobalSection
	GlobalSection(ExtensibilityGlobals) = postSolution
		SolutionGuid = {34991E1F-A2B2-490E-A107-67B3A3187E2D}
	EndGlobalSection
EndGlobal
